Microsoft Visual Studio Solution File, Format Version 12.00
# Visual Studio Version 17
VisualStudioVersion = 17.5.2.0
MinimumVisualStudioVersion = 10.0.40219.1
Project("{FAE04EC0-301F-11D3-BF4B-00C04F79EFBC}") = "fundamental", "fundamental\fundamental.csproj", "{7BC8A252-341F-189C-3AAB-9957E8778710}"
EndProject
Project("{FAE04EC0-301F-11D3-BF4B-00C04F79EFBC}") = "tour-of-csharp", "get-started\tour-of-csharp.csproj", "{94104786-6C92-04E9-7A41-44285C518913}"
EndProject
Global
	GlobalSection(SolutionConfigurationPlatforms) = preSolution
		Debug|Any CPU = Debug|Any CPU
		Release|Any CPU = Release|Any CPU
	EndGlobalSection
	GlobalSection(ProjectConfigurationPlatforms) = postSolution
		{7BC8A252-341F-189C-3AAB-9957E8778710}.Debug|Any CPU.ActiveCfg = Debug|Any CPU
		{7BC8A252-341F-189C-3AAB-9957E8778710}.Debug|Any CPU.Build.0 = Debug|Any CPU
		{7BC8A252-341F-189C-3AAB-9957E8778710}.Release|Any CPU.ActiveCfg = Release|Any CPU
		{7BC8A252-341F-189C-3AAB-9957E8778710}.Release|Any CPU.Build.0 = Release|Any CPU
		{94104786-6C92-04E9-7A41-44285C518913}.Debug|Any CPU.ActiveCfg = Debug|Any CPU
		{94104786-6C92-04E9-7A41-44285C518913}.Debug|Any CPU.Build.0 = Debug|Any CPU
		{94104786-6C92-04E9-7A41-44285C518913}.Release|Any CPU.ActiveCfg = Release|Any CPU
		{94104786-6C92-04E9-7A41-44285C518913}.Release|Any CPU.Build.0 = Release|Any CPU
	EndGlobalSection
	GlobalSection(SolutionProperties) = preSolution
		HideSolutionNode = FALSE
	EndGlobalSection
	GlobalSection(ExtensibilityGlobals) = postSolution
		SolutionGuid = {4811C72D-650E-4325-8933-B0F587F50347}
	EndGlobalSection
EndGlobal
